{
  "name": "mi-app-de-notas-web",
  "lockfileVersion": 3,
  "requires": true,
  "packages": {
    "": {
      "dependencies": {
        "dexie": "^4.0.11",
        "muuri": "^0.9.5",
        "nodemailer": "^7.0.6"
      }
    },
    "node_modules/dexie": {
      "version": "4.0.11",
      "resolved": "https://registry.npmjs.org/dexie/-/dexie-4.0.11.tgz",
      "integrity": "sha512-SOKO002EqlvBYYKQSew3iymBoN2EQ4BDw/3yprjh7kAfFzjBYkaMNa/pZvcA7HSWlcKSQb9XhPe3wKyQ0x4A8A==",
      "license": "Apache-2.0"
    },
    "node_modules/muuri": {
      "version": "0.9.5",
      "resolved": "https://registry.npmjs.org/muuri/-/muuri-0.9.5.tgz",
      "integrity": "sha512-nJL9/Pd5IaIXGAVunBs/LLQ+v6tPkvlqCYrlauWESgkVFr+F+CRf8HnayRh4AqiQ1S/PIEN39fhJSe4L5rLlxg==",
      "license": "MIT"
    },
    "node_modules/nodemailer": {
      "version": "7.0.6",
      "resolved": "https://registry.npmjs.org/nodemailer/-/nodemailer-7.0.6.tgz",
      "integrity": "sha512-F44uVzgwo49xboqbFgBGkRaiMgtoBrBEWCVincJPK9+S9Adkzt/wXCLKbf7dxucmxfTI5gHGB+bEmdyzN6QKjw==",
      "license": "MIT-0",
      "engines": {
        "node": ">=6.0.0"
      }
    }
  }
}
